
Microsoft Visual Studio Solution File, Format Version 12.00
# Visual Studio Version 16
VisualStudioVersion = 16.0.30804.86
MinimumVisualStudioVersion = 10.0.40219.1
Project("{FAE04EC0-301F-11D3-BF4B-00C04F79EFBC}") = "SalesWebMvc", "SalesWebMvc\SalesWebMvc.csproj", "{8AA1071E-D204-4EC5-99C2-0B42E616D5EF}"
EndProject
Global
	GlobalSection(SolutionConfigurationPlatforms) = preSolution
		Debug|Any CPU = Debug|Any CPU
		Release|Any CPU = Release|Any CPU
	EndGlobalSection
	GlobalSection(ProjectConfigurationPlatforms) = postSolution
		{8AA1071E-D204-4EC5-99C2-0B42E616D5EF}.Debug|Any CPU.ActiveCfg = Debug|Any CPU
		{8AA1071E-D204-4EC5-99C2-0B42E616D5EF}.Debug|Any CPU.Build.0 = Debug|Any CPU
		{8AA1071E-D204-4EC5-99C2-0B42E616D5EF}.Release|Any CPU.ActiveCfg = Release|Any CPU
		{8AA1071E-D204-4EC5-99C2-0B42E616D5EF}.Release|Any CPU.Build.0 = Release|Any CPU
	EndGlobalSection
	GlobalSection(SolutionProperties) = preSolution
		HideSolutionNode = FALSE
	EndGlobalSection
	GlobalSection(ExtensibilityGlobals) = postSolution
		SolutionGuid = {A9EF81EA-805E-4873-8C59-4D59F8D44F96}
	EndGlobalSection
EndGlobal
